
Microsoft Visual Studio Solution File, Format Version 12.00
# Visual Studio Version 17
VisualStudioVersion = 17.14.36212.18 d17.14
MinimumVisualStudioVersion = 10.0.40219.1
Project("{FAE04EC0-301F-11D3-BF4B-00C04F79EFBC}") = "UserPortal.Api", "UserPortal.Api\UserPortal.Api.csproj", "{623A9604-C9C3-4AF1-877C-8F46E2FDD63E}"
EndProject
Project("{FAE04EC0-301F-11D3-BF4B-00C04F79EFBC}") = "UserPortal.Application", "UserPortal.Application\UserPortal.Application.csproj", "{60DBFD97-C41A-455E-B672-831FA8D11DFC}"
EndProject
Project("{FAE04EC0-301F-11D3-BF4B-00C04F79EFBC}") = "UserPortal.Infrastructure", "UserPortal.Infrastructure\UserPortal.Infrastructure.csproj", "{FD138F88-1E07-48F7-8947-8AA0BBC22F2C}"
EndProject
Project("{FAE04EC0-301F-11D3-BF4B-00C04F79EFBC}") = "UserPortal.Domain", "UserPortal.Domain\UserPortal.Domain.csproj", "{1F70699C-B9F3-4881-833C-4DBE65F39A74}"
EndProject
Project("{2150E333-8FDC-42A3-9474-1A3956D46DE8}") = "Tests", "Tests", "{02EA681E-C7D8-13C7-8484-4AC65E1B71E8}"
EndProject
Project("{FAE04EC0-301F-11D3-BF4B-00C04F79EFBC}") = "UserPortal.Application.UnitTest", "UserPortal.Application.UnitTest\UserPortal.Application.UnitTest.csproj", "{7F70020D-A74C-47B8-8438-36E831BB31B8}"
EndProject
Global
	GlobalSection(SolutionConfigurationPlatforms) = preSolution
		Debug|Any CPU = Debug|Any CPU
		Release|Any CPU = Release|Any CPU
	EndGlobalSection
	GlobalSection(ProjectConfigurationPlatforms) = postSolution
		{623A9604-C9C3-4AF1-877C-8F46E2FDD63E}.Debug|Any CPU.ActiveCfg = Debug|Any CPU
		{623A9604-C9C3-4AF1-877C-8F46E2FDD63E}.Debug|Any CPU.Build.0 = Debug|Any CPU
		{623A9604-C9C3-4AF1-877C-8F46E2FDD63E}.Release|Any CPU.ActiveCfg = Release|Any CPU
		{623A9604-C9C3-4AF1-877C-8F46E2FDD63E}.Release|Any CPU.Build.0 = Release|Any CPU
		{60DBFD97-C41A-455E-B672-831FA8D11DFC}.Debug|Any CPU.ActiveCfg = Debug|Any CPU
		{60DBFD97-C41A-455E-B672-831FA8D11DFC}.Debug|Any CPU.Build.0 = Debug|Any CPU
		{60DBFD97-C41A-455E-B672-831FA8D11DFC}.Release|Any CPU.ActiveCfg = Release|Any CPU
		{60DBFD97-C41A-455E-B672-831FA8D11DFC}.Release|Any CPU.Build.0 = Release|Any CPU
		{FD138F88-1E07-48F7-8947-8AA0BBC22F2C}.Debug|Any CPU.ActiveCfg = Debug|Any CPU
		{FD138F88-1E07-48F7-8947-8AA0BBC22F2C}.Debug|Any CPU.Build.0 = Debug|Any CPU
		{FD138F88-1E07-48F7-8947-8AA0BBC22F2C}.Release|Any CPU.ActiveCfg = Release|Any CPU
		{FD138F88-1E07-48F7-8947-8AA0BBC22F2C}.Release|Any CPU.Build.0 = Release|Any CPU
		{1F70699C-B9F3-4881-833C-4DBE65F39A74}.Debug|Any CPU.ActiveCfg = Debug|Any CPU
		{1F70699C-B9F3-4881-833C-4DBE65F39A74}.Debug|Any CPU.Build.0 = Debug|Any CPU
		{1F70699C-B9F3-4881-833C-4DBE65F39A74}.Release|Any CPU.ActiveCfg = Release|Any CPU
		{1F70699C-B9F3-4881-833C-4DBE65F39A74}.Release|Any CPU.Build.0 = Release|Any CPU
		{7F70020D-A74C-47B8-8438-36E831BB31B8}.Debug|Any CPU.ActiveCfg = Debug|Any CPU
		{7F70020D-A74C-47B8-8438-36E831BB31B8}.Debug|Any CPU.Build.0 = Debug|Any CPU
		{7F70020D-A74C-47B8-8438-36E831BB31B8}.Release|Any CPU.ActiveCfg = Release|Any CPU
		{7F70020D-A74C-47B8-8438-36E831BB31B8}.Release|Any CPU.Build.0 = Release|Any CPU
	EndGlobalSection
	GlobalSection(SolutionProperties) = preSolution
		HideSolutionNode = FALSE
	EndGlobalSection
	GlobalSection(NestedProjects) = preSolution
		{7F70020D-A74C-47B8-8438-36E831BB31B8} = {02EA681E-C7D8-13C7-8484-4AC65E1B71E8}
	EndGlobalSection
	GlobalSection(ExtensibilityGlobals) = postSolution
		SolutionGuid = {115F1EA9-8B33-4F76-8BBD-37D021FBBBDB}
	EndGlobalSection
EndGlobal
